
Microsoft Visual Studio Solution File, Format Version 12.00
# Visual Studio Version 17
VisualStudioVersion = 17.6.33815.320
MinimumVisualStudioVersion = 10.0.40219.1
Project("{FAE04EC0-301F-11D3-BF4B-00C04F79EFBC}") = "Simulador", "Simulador.csproj", "{6A7BD095-A756-4BF8-A517-86EEB180FC18}"
EndProject
Project("{2150E333-8FDC-42A3-9474-1A3956D46DE8}") = "Solution Items", "Solution Items", "{E1F8699A-07E1-4425-9DB8-35C64341C5FF}"
	ProjectSection(SolutionItems) = preProject
		.editorconfig = .editorconfig
	EndProjectSection
EndProject
Global
	GlobalSection(SolutionConfigurationPlatforms) = preSolution
		Debug|Any CPU = Debug|Any CPU
		Release|Any CPU = Release|Any CPU
	EndGlobalSection
	GlobalSection(ProjectConfigurationPlatforms) = postSolution
		{6A7BD095-A756-4BF8-A517-86EEB180FC18}.Debug|Any CPU.ActiveCfg = Debug|Any CPU
		{6A7BD095-A756-4BF8-A517-86EEB180FC18}.Debug|Any CPU.Build.0 = Debug|Any CPU
		{6A7BD095-A756-4BF8-A517-86EEB180FC18}.Release|Any CPU.ActiveCfg = Release|Any CPU
		{6A7BD095-A756-4BF8-A517-86EEB180FC18}.Release|Any CPU.Build.0 = Release|Any CPU
	EndGlobalSection
	GlobalSection(SolutionProperties) = preSolution
		HideSolutionNode = FALSE
	EndGlobalSection
	GlobalSection(ExtensibilityGlobals) = postSolution
		SolutionGuid = {93AC31A2-3644-4C4F-B914-C2963DC9753E}
	EndGlobalSection
EndGlobal
